
Microsoft Visual Studio Solution File, Format Version 12.00
# Visual Studio 15
VisualStudioVersion = 15.0.28010.0
MinimumVisualStudioVersion = 10.0.40219.1
Project("{9A19103F-16F7-4668-BE54-9A1E7A4F7556}") = "FlubuCore.CakePlugin", "FlubuCore.CakePlugin\FlubuCore.CakePlugin.csproj", "{9F164CFE-ED56-45BD-85FE-1124D12BA385}"
EndProject
Project("{9A19103F-16F7-4668-BE54-9A1E7A4F7556}") = "FlubuCore.CakePlugin.Tests", "FlubuCore.CakePlugin.Tests\FlubuCore.CakePlugin.Tests.csproj", "{BB4A55C7-5010-4F82-819A-EE812838A993}"
EndProject
Global
	GlobalSection(SolutionConfigurationPlatforms) = preSolution
		Debug|Any CPU = Debug|Any CPU
		Release|Any CPU = Release|Any CPU
	EndGlobalSection
	GlobalSection(ProjectConfigurationPlatforms) = postSolution
		{9F164CFE-ED56-45BD-85FE-1124D12BA385}.Debug|Any CPU.ActiveCfg = Debug|Any CPU
		{9F164CFE-ED56-45BD-85FE-1124D12BA385}.Debug|Any CPU.Build.0 = Debug|Any CPU
		{9F164CFE-ED56-45BD-85FE-1124D12BA385}.Release|Any CPU.ActiveCfg = Release|Any CPU
		{9F164CFE-ED56-45BD-85FE-1124D12BA385}.Release|Any CPU.Build.0 = Release|Any CPU
		{BB4A55C7-5010-4F82-819A-EE812838A993}.Debug|Any CPU.ActiveCfg = Debug|Any CPU
		{BB4A55C7-5010-4F82-819A-EE812838A993}.Debug|Any CPU.Build.0 = Debug|Any CPU
		{BB4A55C7-5010-4F82-819A-EE812838A993}.Release|Any CPU.ActiveCfg = Release|Any CPU
		{BB4A55C7-5010-4F82-819A-EE812838A993}.Release|Any CPU.Build.0 = Release|Any CPU
	EndGlobalSection
	GlobalSection(SolutionProperties) = preSolution
		HideSolutionNode = FALSE
	EndGlobalSection
	GlobalSection(ExtensibilityGlobals) = postSolution
		SolutionGuid = {0B6B0157-9A62-4275-8667-C70D0A0D3BAB}
	EndGlobalSection
EndGlobal
